
Microsoft Visual Studio Solution File, Format Version 12.00
# Visual Studio Version 17
VisualStudioVersion = 17.11.35312.102
MinimumVisualStudioVersion = 10.0.40219.1
Project("{FAE04EC0-301F-11D3-BF4B-00C04F79EFBC}") = "HerenciaQ42024", "HerenciaQ42024\HerenciaQ42024.csproj", "{C072A133-1DE0-4108-82F7-0C99FB3BC4DB}"
EndProject
Global
	GlobalSection(SolutionConfigurationPlatforms) = preSolution
		Debug|Any CPU = Debug|Any CPU
		Release|Any CPU = Release|Any CPU
	EndGlobalSection
	GlobalSection(ProjectConfigurationPlatforms) = postSolution
		{C072A133-1DE0-4108-82F7-0C99FB3BC4DB}.Debug|Any CPU.ActiveCfg = Debug|Any CPU
		{C072A133-1DE0-4108-82F7-0C99FB3BC4DB}.Debug|Any CPU.Build.0 = Debug|Any CPU
		{C072A133-1DE0-4108-82F7-0C99FB3BC4DB}.Release|Any CPU.ActiveCfg = Release|Any CPU
		{C072A133-1DE0-4108-82F7-0C99FB3BC4DB}.Release|Any CPU.Build.0 = Release|Any CPU
	EndGlobalSection
	GlobalSection(SolutionProperties) = preSolution
		HideSolutionNode = FALSE
	EndGlobalSection
	GlobalSection(ExtensibilityGlobals) = postSolution
		SolutionGuid = {E31FCCE0-D9CE-4189-B8F6-4F424D92DB05}
	EndGlobalSection
EndGlobal
